
Microsoft Visual Studio Solution File, Format Version 12.00
# Visual Studio Version 17
VisualStudioVersion = 17.5.33414.496
MinimumVisualStudioVersion = 10.0.40219.1
Project("{FAE04EC0-301F-11D3-BF4B-00C04F79EFBC}") = "Aula02Exercicio10", "Aula02Exercicio10.csproj", "{5CC44003-AF04-4DFA-A61A-A6EA2C69ED6C}"
EndProject
Global
	GlobalSection(SolutionConfigurationPlatforms) = preSolution
		Debug|Any CPU = Debug|Any CPU
		Release|Any CPU = Release|Any CPU
	EndGlobalSection
	GlobalSection(ProjectConfigurationPlatforms) = postSolution
		{5CC44003-AF04-4DFA-A61A-A6EA2C69ED6C}.Debug|Any CPU.ActiveCfg = Debug|Any CPU
		{5CC44003-AF04-4DFA-A61A-A6EA2C69ED6C}.Debug|Any CPU.Build.0 = Debug|Any CPU
		{5CC44003-AF04-4DFA-A61A-A6EA2C69ED6C}.Release|Any CPU.ActiveCfg = Release|Any CPU
		{5CC44003-AF04-4DFA-A61A-A6EA2C69ED6C}.Release|Any CPU.Build.0 = Release|Any CPU
	EndGlobalSection
	GlobalSection(SolutionProperties) = preSolution
		HideSolutionNode = FALSE
	EndGlobalSection
	GlobalSection(ExtensibilityGlobals) = postSolution
		SolutionGuid = {925667C6-7806-4452-B8E4-8884A61E0B23}
	EndGlobalSection
EndGlobal
